
Microsoft Visual Studio Solution File, Format Version 12.00
# Visual Studio Version 16
VisualStudioVersion = 16.0.31205.134
MinimumVisualStudioVersion = 10.0.40219.1
Project("{FAE04EC0-301F-11D3-BF4B-00C04F79EFBC}") = "MutationTestsExample", "MutationTestsExample\MutationTestsExample.csproj", "{63AC923E-CCCE-4F8C-96C3-9374EEE3FEDD}"
EndProject
Project("{FAE04EC0-301F-11D3-BF4B-00C04F79EFBC}") = "MutationTestsExample.Tests", "MutationTestsExample.Tests\MutationTestsExample.Tests.csproj", "{76E9DC1F-1A8E-434E-B93D-1A2522620AFF}"
EndProject
Global
	GlobalSection(SolutionConfigurationPlatforms) = preSolution
		Debug|Any CPU = Debug|Any CPU
		Release|Any CPU = Release|Any CPU
	EndGlobalSection
	GlobalSection(ProjectConfigurationPlatforms) = postSolution
		{63AC923E-CCCE-4F8C-96C3-9374EEE3FEDD}.Debug|Any CPU.ActiveCfg = Debug|Any CPU
		{63AC923E-CCCE-4F8C-96C3-9374EEE3FEDD}.Debug|Any CPU.Build.0 = Debug|Any CPU
		{63AC923E-CCCE-4F8C-96C3-9374EEE3FEDD}.Release|Any CPU.ActiveCfg = Release|Any CPU
		{63AC923E-CCCE-4F8C-96C3-9374EEE3FEDD}.Release|Any CPU.Build.0 = Release|Any CPU
		{76E9DC1F-1A8E-434E-B93D-1A2522620AFF}.Debug|Any CPU.ActiveCfg = Debug|Any CPU
		{76E9DC1F-1A8E-434E-B93D-1A2522620AFF}.Debug|Any CPU.Build.0 = Debug|Any CPU
		{76E9DC1F-1A8E-434E-B93D-1A2522620AFF}.Release|Any CPU.ActiveCfg = Release|Any CPU
		{76E9DC1F-1A8E-434E-B93D-1A2522620AFF}.Release|Any CPU.Build.0 = Release|Any CPU
	EndGlobalSection
	GlobalSection(SolutionProperties) = preSolution
		HideSolutionNode = FALSE
	EndGlobalSection
	GlobalSection(ExtensibilityGlobals) = postSolution
		SolutionGuid = {776681BD-BF80-4BDA-AC6B-A261B663E3F9}
	EndGlobalSection
EndGlobal
